<?xml version="1.0" encoding="utf-8"?>
<Project ToolsVersion="4.0" xmlns="http://schemas.microsoft.com/developer/msbuild/2003">
  <ItemGroup>
    <Filter Include="Source Files">
      <UniqueIdentifier>{4FC737F1-C7A5-4376-A066-2A32D752A2FF}</UniqueIdentifier>
      <Extensions>cpp;c;cc;cxx;c++;cppm;ixx;def;odl;idl;hpj;bat;asm;asmx</Extensions>
    </Filter>
    <Filter Include="Header Files">
      <UniqueIdentifier>{93995380-89BD-4b04-88EB-625FBE52EBFB}</UniqueIdentifier>
      <Extensions>h;hh;hpp;hxx;h++;hm;inl;inc;ipp;xsd</Extensions>
    </Filter>
    <Filter Include="Resource Files">
      <UniqueIdentifier>{67DA6AB6-F800-4c08-8B7A-83BB121AAD01}</UniqueIdentifier>
      <Extensions>rc;ico;cur;bmp;dlg;rc2;rct;bin;rgs;gif;jpg;jpeg;jpe;resx;tiff;tif;png;wav;mfcribbon-ms</Extensions>
    </Filter>
  </ItemGroup>
  <ItemGroup>
    <ClInclude Include="..\src\compat\Memory.h">
      <Filter>Header Files</Filter>
    </ClInclude>
    <ClInclude Include="..\src\compat\System.h">
      <Filter>Header Files</Filter>
    </ClInclude>
    <ClInclude Include="..\src\compat\Types.h">
      <Filter>Header Files</Filter>
    </ClInclude>
    <ClInclude Include="..\src\audio\SoundSystemDefines.h">
      <Filter>Header Files</Filter>
    </ClInclude>
    <ClInclude Include="..\src\audio\CBasicSound.h">
      <Filter>Header Files</Filter>
    </ClInclude>
    <ClInclude Include="..\src\audio\CRateSound.h">
      <Filter>Header Files</Filter>
    </ClInclude>
    <ClInclude Include="..\src\audio\CSoundHub.h">
      <Filter>Header Files</Filter>
    </ClInclude>
    <ClInclude Include="..\src\audio\CSoundMixer.h">
      <Filter>Header Files</Filter>
    </ClInclude>
    <ClInclude Include="..\src\audio\OggFile.h">
      <Filter>Header Files</Filter>
    </ClInclude>
    <ClInclude Include="..\src\assets\PackageManifest.h">
      <Filter>Header Files</Filter>
    </ClInclude>
    <ClInclude Include="..\src\assets\AssetManager.h">
      <Filter>Header Files</Filter>
    </ClInclude>
    <ClInclude Include="..\src\assets\AssetRepository.h">
      <Filter>Header Files</Filter>
    </ClInclude>
    <ClInclude Include="..\src\assets\AssetStorage.h">
      <Filter>Header Files</Filter>
    </ClInclude>
    <ClInclude Include="..\src\assets\BaseAssetStorage.h">
      <Filter>Header Files</Filter>
    </ClInclude>
    <ClInclude Include="..\src\assets\LocalAssetRepository.h">
      <Filter>Header Files</Filter>
    </ClInclude>
    <ClInclude Include="..\src\base\CTagBase.h">
      <Filter>Header Files</Filter>
    </ClInclude>
    <ClInclude Include="..\src\base\CDirectObject.h">
      <Filter>Header Files</Filter>
    </ClInclude>
    <ClInclude Include="..\vendor\AudioFile.h">
      <Filter>Header Files</Filter>
    </ClInclude>
    <ClInclude Include="..\vendor\utf8\checked.h">
      <Filter>Header Files</Filter>
    </ClInclude>
    <ClInclude Include="..\vendor\utf8\core.h">
      <Filter>Header Files</Filter>
    </ClInclude>
    <ClInclude Include="..\vendor\utf8\cpp17.h">
      <Filter>Header Files</Filter>
    </ClInclude>
    <ClInclude Include="..\vendor\cute_files.h">
      <Filter>Header Files</Filter>
    </ClInclude>
    <ClInclude Include="..\vendor\nanovg\fontstash.h">
      <Filter>Header Files</Filter>
    </ClInclude>
    <ClInclude Include="..\vendor\glm\glm.hpp">
      <Filter>Header Files</Filter>
    </ClInclude>
    <ClInclude Include="..\vendor\httplib.h">
      <Filter>Header Files</Filter>
    </ClInclude>
    <ClInclude Include="..\vendor\json.hpp">
      <Filter>Header Files</Filter>
    </ClInclude>
    <ClInclude Include="..\vendor\nanovg\nanovg.h">
      <Filter>Header Files</Filter>
    </ClInclude>
    <ClInclude Include="..\vendor\nanovg\nanovg_gl.h">
      <Filter>Header Files</Filter>
    </ClInclude>
    <ClInclude Include="..\vendor\nanovg\nanovg_gl_utils.h">
      <Filter>Header Files</Filter>
    </ClInclude>
    <ClInclude Include="..\vendor\pugixml\pugiconfig.hpp">
      <Filter>Header Files</Filter>
    </ClInclude>
    <ClInclude Include="..\vendor\pugixml\pugixml.hpp">
      <Filter>Header Files</Filter>
    </ClInclude>
    <ClInclude Include="..\vendor\nanovg\stb_image.h">
      <Filter>Header Files</Filter>
    </ClInclude>
    <ClInclude Include="..\vendor\stb_image_write.h">
      <Filter>Header Files</Filter>
    </ClInclude>
    <ClInclude Include="..\vendor\nanovg\stb_truetype.h">
      <Filter>Header Files</Filter>
    </ClInclude>
    <ClInclude Include="..\vendor\stb_vorbis.h">
      <Filter>Header Files</Filter>
    </ClInclude>
    <ClInclude Include="..\vendor\utf8\unchecked.h">
      <Filter>Header Files</Filter>
    </ClInclude>
    <ClInclude Include="..\vendor\utf8.h">
      <Filter>Header Files</Filter>
    </ClInclude>
    <ClInclude Include="..\src\render\AbstractRenderer.h">
      <Filter>Header Files</Filter>
    </ClInclude>
    <ClInclude Include="..\src\render\ModernOpenGLRenderer.h">
      <Filter>Header Files</Filter>
    </ClInclude>
    <ClInclude Include="..\src\render\NullRenderer.h">
      <Filter>Header Files</Filter>
    </ClInclude>
    <ClInclude Include="..\src\render\OpenGLShader.h">
      <Filter>Header Files</Filter>
    </ClInclude>
    <ClInclude Include="..\src\render\OpenGLVertices.h">
      <Filter>Header Files</Filter>
    </ClInclude>
    <ClInclude Include="..\src\render\VertexData.h">
      <Filter>Header Files</Filter>
    </ClInclude>
    <ClInclude Include="..\src\tui\TextCommand.h">
      <Filter>Header Files</Filter>
    </ClInclude>
    <ClInclude Include="..\src\tui\CommandManager.h">
      <Filter>Header Files</Filter>
    </ClInclude>
    <ClInclude Include="..\src\util\ARGBColor.h">
      <Filter>Header Files</Filter>
    </ClInclude>
    <ClInclude Include="..\src\util\Beeper.h">
      <Filter>Header Files</Filter>
    </ClInclude>
    <ClInclude Include="..\src\util\huffman\CAbstractHuffPipe.h">
      <Filter>Header Files</Filter>
    </ClInclude>
    <ClInclude Include="..\src\util\huffman\CAbstractPipe.h">
      <Filter>Header Files</Filter>
    </ClInclude>
    <ClInclude Include="..\src\util\CharWordLongPointer.h">
      <Filter>Header Files</Filter>
    </ClInclude>
    <ClInclude Include="..\src\util\huffman\CHuffProcessor.h">
      <Filter>Header Files</Filter>
    </ClInclude>
    <ClInclude Include="..\src\util\CRC.h">
      <Filter>Header Files</Filter>
    </ClInclude>
    <ClInclude Include="..\src\util\CStringDictionary.h">
      <Filter>Header Files</Filter>
    </ClInclude>
    <ClInclude Include="..\src\util\Debug.h">
      <Filter>Header Files</Filter>
    </ClInclude>
    <ClInclude Include="..\src\util\FastMat.h">
      <Filter>Header Files</Filter>
    </ClInclude>
    <ClInclude Include="..\src\util\JSONify.h">
      <Filter>Header Files</Filter>
    </ClInclude>
    <ClInclude Include="..\src\util\RamFiles.h">
      <Filter>Header Files</Filter>
    </ClInclude>
    <ClInclude Include="..\src\util\RayHit.h">
      <Filter>Header Files</Filter>
    </ClInclude>
    <ClInclude Include="..\src\util\RolloverCounter.h">
      <Filter>Header Files</Filter>
    </ClInclude>
    <ClInclude Include="..\src\util\SlidingHistogram.h">
      <Filter>Header Files</Filter>
    </ClInclude>
    <ClInclude Include="..\src\net\AvaraTCP.h">
      <Filter>Header Files</Filter>
    </ClInclude>
    <ClInclude Include="..\src\net\CCommManager.h">
      <Filter>Header Files</Filter>
    </ClInclude>
    <ClInclude Include="..\src\net\CommDefs.h">
      <Filter>Header Files</Filter>
    </ClInclude>
    <ClInclude Include="..\src\net\CProtoControl.h">
      <Filter>Header Files</Filter>
    </ClInclude>
    <ClInclude Include="..\src\net\CUDPComm.h">
      <Filter>Header Files</Filter>
    </ClInclude>
    <ClInclude Include="..\src\net\CUDPConnection.h">
      <Filter>Header Files</Filter>
    </ClInclude>
    <ClInclude Include="..\src\net\TrackerTags.h">
      <Filter>Header Files</Filter>
    </ClInclude>
    <ClInclude Include="..\src\net\UDPTags.h">
      <Filter>Header Files</Filter>
    </ClInclude>
    <ClInclude Include="..\src\level\InternalVars.h">
      <Filter>Header Files</Filter>
    </ClInclude>
    <ClInclude Include="..\src\level\LevelLoader.h">
      <Filter>Header Files</Filter>
    </ClInclude>
    <ClInclude Include="..\src\level\LinkLoose.h">
      <Filter>Header Files</Filter>
    </ClInclude>
    <ClInclude Include="..\src\level\Parser.h">
      <Filter>Header Files</Filter>
    </ClInclude>
    <ClInclude Include="..\src\gui\Tags.h">
      <Filter>Header Files</Filter>
    </ClInclude>
    <ClInclude Include="..\src\gui\CApplication.h">
      <Filter>Header Files</Filter>
    </ClInclude>
    <ClInclude Include="..\src\gui\CLevelWindow.h">
      <Filter>Header Files</Filter>
    </ClInclude>
    <ClInclude Include="..\src\gui\CNetworkWindow.h">
      <Filter>Header Files</Filter>
    </ClInclude>
    <ClInclude Include="..\src\gui\ColorManager.h">
      <Filter>Header Files</Filter>
    </ClInclude>
    <ClInclude Include="..\src\gui\CommandList.h">
      <Filter>Header Files</Filter>
    </ClInclude>
    <ClInclude Include="..\src\gui\CPlayerWindow.h">
      <Filter>Header Files</Filter>
    </ClInclude>
    <ClInclude Include="..\src\gui\CRosterWindow.h">
      <Filter>Header Files</Filter>
    </ClInclude>
    <ClInclude Include="..\src\gui\CServerWindow.h">
      <Filter>Header Files</Filter>
    </ClInclude>
    <ClInclude Include="..\src\gui\CTrackerWindow.h">
      <Filter>Header Files</Filter>
    </ClInclude>
    <ClInclude Include="..\src\gui\CWindow.h">
      <Filter>Header Files</Filter>
    </ClInclude>
    <ClInclude Include="..\src\gui\Preferences.h">
      <Filter>Header Files</Filter>
    </ClInclude>
    <ClInclude Include="..\src\game\AvaraDefines.h">
      <Filter>Header Files</Filter>
    </ClInclude>
    <ClInclude Include="..\src\game\AvaraScoreInterface.h">
      <Filter>Header Files</Filter>
    </ClInclude>
    <ClInclude Include="..\src\game\AvaraTypes.h">
      <Filter>Header Files</Filter>
    </ClInclude>
    <ClInclude Include="..\src\game\CAbstractActor.h">
      <Filter>Header Files</Filter>
    </ClInclude>
    <ClInclude Include="..\src\game\CAbstractMissile.h">
      <Filter>Header Files</Filter>
    </ClInclude>
    <ClInclude Include="..\src\game\CAbstractMovers.h">
      <Filter>Header Files</Filter>
    </ClInclude>
    <ClInclude Include="..\src\game\CAbstractPlayer.h">
      <Filter>Header Files</Filter>
    </ClInclude>
    <ClInclude Include="..\src\game\CAbstractYon.h">
      <Filter>Header Files</Filter>
    </ClInclude>
    <ClInclude Include="..\src\game\CAreaActor.h">
      <Filter>Header Files</Filter>
    </ClInclude>
    <ClInclude Include="..\src\game\CAvaraApp.h">
      <Filter>Header Files</Filter>
    </ClInclude>
    <ClInclude Include="..\src\game\CAvaraGame.h">
      <Filter>Header Files</Filter>
    </ClInclude>
    <ClInclude Include="..\src\game\CBall.h">
      <Filter>Header Files</Filter>
    </ClInclude>
    <ClInclude Include="..\src\game\CDepot.h">
      <Filter>Header Files</Filter>
    </ClInclude>
    <ClInclude Include="..\src\game\CDome.h">
      <Filter>Header Files</Filter>
    </ClInclude>
    <ClInclude Include="..\src\game\CDoor2Actor.h">
      <Filter>Header Files</Filter>
    </ClInclude>
    <ClInclude Include="..\src\game\CDoorActor.h">
      <Filter>Header Files</Filter>
    </ClInclude>
    <ClInclude Include="..\src\game\CForceField.h">
      <Filter>Header Files</Filter>
    </ClInclude>
    <ClInclude Include="..\src\game\CFreeCam.h">
      <Filter>Header Files</Filter>
    </ClInclude>
    <ClInclude Include="..\src\game\CFreeSolid.h">
      <Filter>Header Files</Filter>
    </ClInclude>
    <ClInclude Include="..\src\game\CGlowActors.h">
      <Filter>Header Files</Filter>
    </ClInclude>
    <ClInclude Include="..\src\game\CGoal.h">
      <Filter>Header Files</Filter>
    </ClInclude>
    <ClInclude Include="..\src\game\CGoody.h">
      <Filter>Header Files</Filter>
    </ClInclude>
    <ClInclude Include="..\src\game\CGrenade.h">
      <Filter>Header Files</Filter>
    </ClInclude>
    <ClInclude Include="..\src\game\CGroundColorAdjuster.h">
      <Filter>Header Files</Filter>
    </ClInclude>
    <ClInclude Include="..\src\game\CGuardActor.h">
      <Filter>Header Files</Filter>
    </ClInclude>
    <ClInclude Include="..\src\game\CHologramActor.h">
      <Filter>Header Files</Filter>
    </ClInclude>
    <ClInclude Include="..\src\game\CHUD.h">
      <Filter>Header Files</Filter>
    </ClInclude>
    <ClInclude Include="..\src\game\CIncarnator.h">
      <Filter>Header Files</Filter>
    </ClInclude>
    <ClInclude Include="..\src\game\CLogic.h">
      <Filter>Header Files</Filter>
    </ClInclude>
    <ClInclude Include="..\src\game\CLogicAnd.h">
      <Filter>Header Files</Filter>
    </ClInclude>
    <ClInclude Include="..\src\game\CLogicBase.h">
      <Filter>Header Files</Filter>
    </ClInclude>
    <ClInclude Include="..\src\game\CLogicCounter.h">
      <Filter>Header Files</Filter>
    </ClInclude>
    <ClInclude Include="..\src\game\CLogicDelay.h">
      <Filter>Header Files</Filter>
    </ClInclude>
    <ClInclude Include="..\src\game\CLogicDistributor.h">
      <Filter>Header Files</Filter>
    </ClInclude>
    <ClInclude Include="..\src\game\CLogicTimer.h">
      <Filter>Header Files</Filter>
    </ClInclude>
    <ClInclude Include="..\src\game\CMarkerActor.h">
      <Filter>Header Files</Filter>
    </ClInclude>
    <ClInclude Include="..\src\game\CMineActor.h">
      <Filter>Header Files</Filter>
    </ClInclude>
    <ClInclude Include="..\src\game\CMissile.h">
      <Filter>Header Files</Filter>
    </ClInclude>
    <ClInclude Include="..\src\game\CNetManager.h">
      <Filter>Header Files</Filter>
    </ClInclude>
    <ClInclude Include="..\src\game\ComputerVoice.h">
      <Filter>Header Files</Filter>
    </ClInclude>
    <ClInclude Include="..\src\game\CParasite.h">
      <Filter>Header Files</Filter>
    </ClInclude>
    <ClInclude Include="..\src\game\CPill.h">
      <Filter>Header Files</Filter>
    </ClInclude>
    <ClInclude Include="..\src\game\CPlacedActors.h">
      <Filter>Header Files</Filter>
    </ClInclude>
    <ClInclude Include="..\src\game\CPlayerActor.h">
      <Filter>Header Files</Filter>
    </ClInclude>
    <ClInclude Include="..\src\game\CPlayerManager.h">
      <Filter>Header Files</Filter>
    </ClInclude>
    <ClInclude Include="..\src\game\CPlayerMissile.h">
      <Filter>Header Files</Filter>
    </ClInclude>
    <ClInclude Include="..\src\game\CRamp.h">
      <Filter>Header Files</Filter>
    </ClInclude>
    <ClInclude Include="..\src\game\CRandomIncarnator.h">
      <Filter>Header Files</Filter>
    </ClInclude>
    <ClInclude Include="..\src\game\CRealMovers.h">
      <Filter>Header Files</Filter>
    </ClInclude>
    <ClInclude Include="..\src\game\CRealShooters.h">
      <Filter>Header Files</Filter>
    </ClInclude>
    <ClInclude Include="..\src\game\CScoreKeeper.h">
      <Filter>Header Files</Filter>
    </ClInclude>
    <ClInclude Include="..\src\game\CScout.h">
      <Filter>Header Files</Filter>
    </ClInclude>
    <ClInclude Include="..\src\game\CShuriken.h">
      <Filter>Header Files</Filter>
    </ClInclude>
    <ClInclude Include="..\src\game\CSkyColorAdjuster.h">
      <Filter>Header Files</Filter>
    </ClInclude>
    <ClInclude Include="..\src\game\CSliverPart.h">
      <Filter>Header Files</Filter>
    </ClInclude>
    <ClInclude Include="..\src\game\CSmart.h">
      <Filter>Header Files</Filter>
    </ClInclude>
    <ClInclude Include="..\src\game\CSolidActor.h">
      <Filter>Header Files</Filter>
    </ClInclude>
    <ClInclude Include="..\src\game\CSoundActor.h">
      <Filter>Header Files</Filter>
    </ClInclude>
    <ClInclude Include="..\src\game\CSphereActor.h">
      <Filter>Header Files</Filter>
    </ClInclude>
    <ClInclude Include="..\src\game\CSwitchActor.h">
      <Filter>Header Files</Filter>
    </ClInclude>
    <ClInclude Include="..\src\game\CTeamColorAdjuster.h">
      <Filter>Header Files</Filter>
    </ClInclude>
    <ClInclude Include="..\src\game\CTeleporter.h">
      <Filter>Header Files</Filter>
    </ClInclude>
    <ClInclude Include="..\src\game\CTextActor.h">
      <Filter>Header Files</Filter>
    </ClInclude>
    <ClInclude Include="..\src\game\CTriPyramidActor.h">
      <Filter>Header Files</Filter>
    </ClInclude>
    <ClInclude Include="..\src\game\CUfo.h">
      <Filter>Header Files</Filter>
    </ClInclude>
    <ClInclude Include="..\src\game\CWalkerActor.h">
      <Filter>Header Files</Filter>
    </ClInclude>
    <ClInclude Include="..\src\game\CWallActor.h">
      <Filter>Header Files</Filter>
    </ClInclude>
    <ClInclude Include="..\src\game\CWallDoor.h">
      <Filter>Header Files</Filter>
    </ClInclude>
    <ClInclude Include="..\src\game\CWallSolid.h">
      <Filter>Header Files</Filter>
    </ClInclude>
    <ClInclude Include="..\src\game\CWeapon.h">
      <Filter>Header Files</Filter>
    </ClInclude>
    <ClInclude Include="..\src\game\CWorldShader.h">
      <Filter>Header Files</Filter>
    </ClInclude>
    <ClInclude Include="..\src\game\CYonBox.h">
      <Filter>Header Files</Filter>
    </ClInclude>
    <ClInclude Include="..\src\game\CYonSphere.h">
      <Filter>Header Files</Filter>
    </ClInclude>
    <ClInclude Include="..\src\game\CZombieActor.h">
      <Filter>Header Files</Filter>
    </ClInclude>
    <ClInclude Include="..\src\game\GoodyRecord.h">
      <Filter>Header Files</Filter>
    </ClInclude>
    <ClInclude Include="..\src\game\InfoMessages.h">
      <Filter>Header Files</Filter>
    </ClInclude>
    <ClInclude Include="..\src\game\KeyFuncs.h">
      <Filter>Header Files</Filter>
    </ClInclude>
    <ClInclude Include="..\src\game\Messages.h">
      <Filter>Header Files</Filter>
    </ClInclude>
    <ClInclude Include="..\src\game\PlayerConfig.h">
      <Filter>Header Files</Filter>
    </ClInclude>
    <ClInclude Include="..\src\game\PlayerRatingsSimpleElo.h">
      <Filter>Header Files</Filter>
    </ClInclude>
    <ClInclude Include="..\src\bsp\CBSPPart.h">
      <Filter>Header Files</Filter>
    </ClInclude>
    <ClInclude Include="..\src\bsp\CBSPWorld.h">
      <Filter>Header Files</Filter>
    </ClInclude>
    <ClInclude Include="..\src\bsp\CScaledBSP.h">
      <Filter>Header Files</Filter>
    </ClInclude>
    <ClInclude Include="..\src\bsp\CSmartBox.h">
      <Filter>Header Files</Filter>
    </ClInclude>
    <ClInclude Include="..\src\bsp\CSmartPart.h">
      <Filter>Header Files</Filter>
    </ClInclude>
    <ClInclude Include="..\src\bsp\CViewParameters.h">
      <Filter>Header Files</Filter>
    </ClInclude>
    <ClInclude Include="..\vendor\nanogui\nanogui\button.h">
      <Filter>Header Files</Filter>
    </ClInclude>
    <ClInclude Include="..\vendor\nanogui\nanogui\checkbox.h">
      <Filter>Header Files</Filter>
    </ClInclude>
    <ClInclude Include="..\vendor\nanogui\nanogui\colorcombobox.h">
      <Filter>Header Files</Filter>
    </ClInclude>
    <ClInclude Include="..\vendor\nanogui\nanogui\combobox.h">
      <Filter>Header Files</Filter>
    </ClInclude>
    <ClInclude Include="..\vendor\nanogui\nanogui\common.h">
      <Filter>Header Files</Filter>
    </ClInclude>
    <ClInclude Include="..\vendor\nanogui\nanogui\compat.h">
      <Filter>Header Files</Filter>
    </ClInclude>
    <ClInclude Include="..\vendor\nanogui\nanogui\desccombobox.h">
      <Filter>Header Files</Filter>
    </ClInclude>
    <ClInclude Include="..\vendor\nanogui\nanogui\entypo.h">
      <Filter>Header Files</Filter>
    </ClInclude>
    <ClInclude Include="..\vendor\nanogui\nanogui\formhelper.h">
      <Filter>Header Files</Filter>
    </ClInclude>
    <ClInclude Include="..\vendor\nanogui\nanogui\glcanvas.h">
      <Filter>Header Files</Filter>
    </ClInclude>
    <ClInclude Include="..\vendor\nanogui\nanogui\glutil.h">
      <Filter>Header Files</Filter>
    </ClInclude>
    <ClInclude Include="..\vendor\nanogui\nanogui\label.h">
      <Filter>Header Files</Filter>
    </ClInclude>
    <ClInclude Include="..\vendor\nanogui\nanogui\layout.h">
      <Filter>Header Files</Filter>
    </ClInclude>
    <ClInclude Include="..\vendor\nanogui\nanogui\messagedialog.h">
      <Filter>Header Files</Filter>
    </ClInclude>
    <ClInclude Include="..\vendor\nanogui\nanogui\nanogui.h">
      <Filter>Header Files</Filter>
    </ClInclude>
    <ClInclude Include="..\vendor\nanogui\nanogui\object.h">
      <Filter>Header Files</Filter>
    </ClInclude>
    <ClInclude Include="..\vendor\nanogui\nanogui\opengl.h">
      <Filter>Header Files</Filter>
    </ClInclude>
    <ClInclude Include="..\vendor\nanogui\nanogui\popup.h">
      <Filter>Header Files</Filter>
    </ClInclude>
    <ClInclude Include="..\vendor\nanogui\nanogui\popupbutton.h">
      <Filter>Header Files</Filter>
    </ClInclude>
    <ClInclude Include="..\vendor\nanogui\nanogui\progressbar.h">
      <Filter>Header Files</Filter>
    </ClInclude>
    <ClInclude Include="..\vendor\nanogui\nanogui\screen.h">
      <Filter>Header Files</Filter>
    </ClInclude>
    <ClInclude Include="..\vendor\nanogui\nanogui\slider.h">
      <Filter>Header Files</Filter>
    </ClInclude>
    <ClInclude Include="..\vendor\nanogui\nanogui\stackedwidget.h">
      <Filter>Header Files</Filter>
    </ClInclude>
    <ClInclude Include="..\vendor\nanogui\nanogui\tabheader.h">
      <Filter>Header Files</Filter>
    </ClInclude>
    <ClInclude Include="..\vendor\nanogui\nanogui\tabwidget.h">
      <Filter>Header Files</Filter>
    </ClInclude>
    <ClInclude Include="..\vendor\nanogui\nanogui\text.h">
      <Filter>Header Files</Filter>
    </ClInclude>
    <ClInclude Include="..\vendor\nanogui\nanogui\textbox.h">
      <Filter>Header Files</Filter>
    </ClInclude>
    <ClInclude Include="..\vendor\nanogui\nanogui\theme.h">
      <Filter>Header Files</Filter>
    </ClInclude>
    <ClInclude Include="..\vendor\nanogui\nanogui\toolbutton.h">
      <Filter>Header Files</Filter>
    </ClInclude>
    <ClInclude Include="..\vendor\nanogui\nanogui\vscrollpanel.h">
      <Filter>Header Files</Filter>
    </ClInclude>
    <ClInclude Include="..\vendor\nanogui\nanogui\widget.h">
      <Filter>Header Files</Filter>
    </ClInclude>
    <ClInclude Include="..\vendor\nanogui\nanogui\window.h">
      <Filter>Header Files</Filter>
    </ClInclude>
    <ClInclude Include="..\platform\windows\resource.h">
      <Filter>Header Files</Filter>
    </ClInclude>
    <ClInclude Include="..\src\render\LegacyOpenGLRenderer.h">
      <Filter>Header Files</Filter>
    </ClInclude>
    <ClInclude Include="..\src\bsp\CCompoundShape.h">
      <Filter>Header Files</Filter>
    </ClInclude>
    <ClInclude Include="..\src\game\LevelInfo.h">
      <Filter>Header Files</Filter>
    </ClInclude>
    <ClInclude Include="..\src\game\CRUD.h">
      <Filter>Header Files</Filter>
    </ClInclude>
    <ClInclude Include="..\src\game\CRUDsqlite.h">
      <Filter>Header Files</Filter>
    </ClInclude>
  </ItemGroup>
  <ItemGroup>
    <ClCompile Include="..\src\util\ARGBColor.cpp">
      <Filter>Source Files</Filter>
    </ClCompile>
    <ClCompile Include="..\src\util\Beeper.cpp">
      <Filter>Source Files</Filter>
    </ClCompile>
    <ClCompile Include="..\src\util\CRC.cpp">
      <Filter>Source Files</Filter>
    </ClCompile>
    <ClCompile Include="..\src\util\CStringDictionary.cpp">
      <Filter>Source Files</Filter>
    </ClCompile>
    <ClCompile Include="..\src\util\Debug.cpp">
      <Filter>Source Files</Filter>
    </ClCompile>
    <ClCompile Include="..\src\util\FastMat.cpp">
      <Filter>Source Files</Filter>
    </ClCompile>
    <ClCompile Include="..\src\util\RamFiles.cpp">
      <Filter>Source Files</Filter>
    </ClCompile>
    <ClCompile Include="..\src\tui\CommandManager.cpp">
      <Filter>Source Files</Filter>
    </ClCompile>
    <ClCompile Include="..\src\tui\TextCommand.cpp">
      <Filter>Source Files</Filter>
    </ClCompile>
    <ClCompile Include="..\src\render\AbstractRenderer.cpp">
      <Filter>Source Files</Filter>
    </ClCompile>
    <ClCompile Include="..\src\render\ModernOpenGLRenderer.cpp">
      <Filter>Source Files</Filter>
    </ClCompile>
    <ClCompile Include="..\src\render\OpenGLShader.cpp">
      <Filter>Source Files</Filter>
    </ClCompile>
    <ClCompile Include="..\src\render\OpenGLVertices.cpp">
      <Filter>Source Files</Filter>
    </ClCompile>
    <ClCompile Include="..\src\net\AvaraTCP.cpp">
      <Filter>Source Files</Filter>
    </ClCompile>
    <ClCompile Include="..\src\net\CCommManager.cpp">
      <Filter>Source Files</Filter>
    </ClCompile>
    <ClCompile Include="..\src\net\CProtoControl.cpp">
      <Filter>Source Files</Filter>
    </ClCompile>
    <ClCompile Include="..\src\net\CUDPComm.cpp">
      <Filter>Source Files</Filter>
    </ClCompile>
    <ClCompile Include="..\src\net\CUDPConnection.cpp">
      <Filter>Source Files</Filter>
    </ClCompile>
    <ClCompile Include="..\src\level\LevelLoader.cpp">
      <Filter>Source Files</Filter>
    </ClCompile>
    <ClCompile Include="..\src\level\LinkLoose.cpp">
      <Filter>Source Files</Filter>
    </ClCompile>
    <ClCompile Include="..\src\level\Parser.cpp">
      <Filter>Source Files</Filter>
    </ClCompile>
    <ClCompile Include="..\src\game\CYonBox.cpp">
      <Filter>Source Files</Filter>
    </ClCompile>
    <ClCompile Include="..\src\game\CYonSphere.cpp">
      <Filter>Source Files</Filter>
    </ClCompile>
    <ClCompile Include="..\src\game\CZombieActor.cpp">
      <Filter>Source Files</Filter>
    </ClCompile>
    <ClCompile Include="..\src\game\KeyFuncs.cpp">
      <Filter>Source Files</Filter>
    </ClCompile>
    <ClCompile Include="..\src\game\PlayerRatingsSimpleElo.cpp">
      <Filter>Source Files</Filter>
    </ClCompile>
    <ClCompile Include="..\src\game\CAbstractActor.cpp">
      <Filter>Source Files</Filter>
    </ClCompile>
    <ClCompile Include="..\src\game\CAbstractMissile.cpp">
      <Filter>Source Files</Filter>
    </ClCompile>
    <ClCompile Include="..\src\game\CAbstractMovers.cpp">
      <Filter>Source Files</Filter>
    </ClCompile>
    <ClCompile Include="..\src\game\CAbstractPlayer.cpp">
      <Filter>Source Files</Filter>
    </ClCompile>
    <ClCompile Include="..\src\game\CAbstractYon.cpp">
      <Filter>Source Files</Filter>
    </ClCompile>
    <ClCompile Include="..\src\game\CAreaActor.cpp">
      <Filter>Source Files</Filter>
    </ClCompile>
    <ClCompile Include="..\src\game\CAvaraApp.cpp">
      <Filter>Source Files</Filter>
    </ClCompile>
    <ClCompile Include="..\src\game\CAvaraGame.cpp">
      <Filter>Source Files</Filter>
    </ClCompile>
    <ClCompile Include="..\src\game\CBall.cpp">
      <Filter>Source Files</Filter>
    </ClCompile>
    <ClCompile Include="..\src\game\CDepot.cpp">
      <Filter>Source Files</Filter>
    </ClCompile>
    <ClCompile Include="..\src\game\CDome.cpp">
      <Filter>Source Files</Filter>
    </ClCompile>
    <ClCompile Include="..\src\game\CDoor2Actor.cpp">
      <Filter>Source Files</Filter>
    </ClCompile>
    <ClCompile Include="..\src\game\CDoorActor.cpp">
      <Filter>Source Files</Filter>
    </ClCompile>
    <ClCompile Include="..\src\game\CForceField.cpp">
      <Filter>Source Files</Filter>
    </ClCompile>
    <ClCompile Include="..\src\game\CFreeCam.cpp">
      <Filter>Source Files</Filter>
    </ClCompile>
    <ClCompile Include="..\src\game\CFreeSolid.cpp">
      <Filter>Source Files</Filter>
    </ClCompile>
    <ClCompile Include="..\src\game\CGlowActors.cpp">
      <Filter>Source Files</Filter>
    </ClCompile>
    <ClCompile Include="..\src\game\CGoal.cpp">
      <Filter>Source Files</Filter>
    </ClCompile>
    <ClCompile Include="..\src\game\CGoody.cpp">
      <Filter>Source Files</Filter>
    </ClCompile>
    <ClCompile Include="..\src\game\CGrenade.cpp">
      <Filter>Source Files</Filter>
    </ClCompile>
    <ClCompile Include="..\src\game\CGroundColorAdjuster.cpp">
      <Filter>Source Files</Filter>
    </ClCompile>
    <ClCompile Include="..\src\game\CGuardActor.cpp">
      <Filter>Source Files</Filter>
    </ClCompile>
    <ClCompile Include="..\src\game\CHologramActor.cpp">
      <Filter>Source Files</Filter>
    </ClCompile>
    <ClCompile Include="..\src\game\CHUD.cpp">
      <Filter>Source Files</Filter>
    </ClCompile>
    <ClCompile Include="..\src\game\CIncarnator.cpp">
      <Filter>Source Files</Filter>
    </ClCompile>
    <ClCompile Include="..\src\game\CLogic.cpp">
      <Filter>Source Files</Filter>
    </ClCompile>
    <ClCompile Include="..\src\game\CLogicAnd.cpp">
      <Filter>Source Files</Filter>
    </ClCompile>
    <ClCompile Include="..\src\game\CLogicBase.cpp">
      <Filter>Source Files</Filter>
    </ClCompile>
    <ClCompile Include="..\src\game\CLogicCounter.cpp">
      <Filter>Source Files</Filter>
    </ClCompile>
    <ClCompile Include="..\src\game\CLogicDelay.cpp">
      <Filter>Source Files</Filter>
    </ClCompile>
    <ClCompile Include="..\src\game\CLogicDistributor.cpp">
      <Filter>Source Files</Filter>
    </ClCompile>
    <ClCompile Include="..\src\game\CLogicTimer.cpp">
      <Filter>Source Files</Filter>
    </ClCompile>
    <ClCompile Include="..\src\game\CMarkerActor.cpp">
      <Filter>Source Files</Filter>
    </ClCompile>
    <ClCompile Include="..\src\game\CMineActor.cpp">
      <Filter>Source Files</Filter>
    </ClCompile>
    <ClCompile Include="..\src\game\CMissile.cpp">
      <Filter>Source Files</Filter>
    </ClCompile>
    <ClCompile Include="..\src\game\CNetManager.cpp">
      <Filter>Source Files</Filter>
    </ClCompile>
    <ClCompile Include="..\src\game\CParasite.cpp">
      <Filter>Source Files</Filter>
    </ClCompile>
    <ClCompile Include="..\src\game\CPill.cpp">
      <Filter>Source Files</Filter>
    </ClCompile>
    <ClCompile Include="..\src\game\CPlacedActors.cpp">
      <Filter>Source Files</Filter>
    </ClCompile>
    <ClCompile Include="..\src\game\CPlayerActor.cpp">
      <Filter>Source Files</Filter>
    </ClCompile>
    <ClCompile Include="..\src\game\CPlayerManager.cpp">
      <Filter>Source Files</Filter>
    </ClCompile>
    <ClCompile Include="..\src\game\CPlayerMissile.cpp">
      <Filter>Source Files</Filter>
    </ClCompile>
    <ClCompile Include="..\src\game\CRamp.cpp">
      <Filter>Source Files</Filter>
    </ClCompile>
    <ClCompile Include="..\src\game\CRandomIncarnator.cpp">
      <Filter>Source Files</Filter>
    </ClCompile>
    <ClCompile Include="..\src\game\CRealMovers.cpp">
      <Filter>Source Files</Filter>
    </ClCompile>
    <ClCompile Include="..\src\game\CRealShooters.cpp">
      <Filter>Source Files</Filter>
    </ClCompile>
    <ClCompile Include="..\src\game\CScoreKeeper.cpp">
      <Filter>Source Files</Filter>
    </ClCompile>
    <ClCompile Include="..\src\game\CScout.cpp">
      <Filter>Source Files</Filter>
    </ClCompile>
    <ClCompile Include="..\src\game\CShuriken.cpp">
      <Filter>Source Files</Filter>
    </ClCompile>
    <ClCompile Include="..\src\game\CSkyColorAdjuster.cpp">
      <Filter>Source Files</Filter>
    </ClCompile>
    <ClCompile Include="..\src\game\CSliverPart.cpp">
      <Filter>Source Files</Filter>
    </ClCompile>
    <ClCompile Include="..\src\game\CSmart.cpp">
      <Filter>Source Files</Filter>
    </ClCompile>
    <ClCompile Include="..\src\game\CSolidActor.cpp">
      <Filter>Source Files</Filter>
    </ClCompile>
    <ClCompile Include="..\src\game\CSoundActor.cpp">
      <Filter>Source Files</Filter>
    </ClCompile>
    <ClCompile Include="..\src\game\CSphereActor.cpp">
      <Filter>Source Files</Filter>
    </ClCompile>
    <ClCompile Include="..\src\game\CSwitchActor.cpp">
      <Filter>Source Files</Filter>
    </ClCompile>
    <ClCompile Include="..\src\game\CTeamColorAdjuster.cpp">
      <Filter>Source Files</Filter>
    </ClCompile>
    <ClCompile Include="..\src\game\CTeleporter.cpp">
      <Filter>Source Files</Filter>
    </ClCompile>
    <ClCompile Include="..\src\game\CTextActor.cpp">
      <Filter>Source Files</Filter>
    </ClCompile>
    <ClCompile Include="..\src\game\CTriPyramidActor.cpp">
      <Filter>Source Files</Filter>
    </ClCompile>
    <ClCompile Include="..\src\game\CUfo.cpp">
      <Filter>Source Files</Filter>
    </ClCompile>
    <ClCompile Include="..\src\game\CWalkerActor.cpp">
      <Filter>Source Files</Filter>
    </ClCompile>
    <ClCompile Include="..\src\game\CWallActor.cpp">
      <Filter>Source Files</Filter>
    </ClCompile>
    <ClCompile Include="..\src\game\CWallDoor.cpp">
      <Filter>Source Files</Filter>
    </ClCompile>
    <ClCompile Include="..\src\game\CWallSolid.cpp">
      <Filter>Source Files</Filter>
    </ClCompile>
    <ClCompile Include="..\src\game\CWeapon.cpp">
      <Filter>Source Files</Filter>
    </ClCompile>
    <ClCompile Include="..\src\game\CWorldShader.cpp">
      <Filter>Source Files</Filter>
    </ClCompile>
    <ClCompile Include="..\src\compat\Memory.cpp">
      <Filter>Source Files</Filter>
    </ClCompile>
    <ClCompile Include="..\src\compat\System.cpp">
      <Filter>Source Files</Filter>
    </ClCompile>
    <ClCompile Include="..\src\bsp\CBSPWorld.cpp">
      <Filter>Source Files</Filter>
    </ClCompile>
    <ClCompile Include="..\src\bsp\CScaledBSP.cpp">
      <Filter>Source Files</Filter>
    </ClCompile>
    <ClCompile Include="..\src\bsp\CSmartBox.cpp">
      <Filter>Source Files</Filter>
    </ClCompile>
    <ClCompile Include="..\src\bsp\CSmartPart.cpp">
      <Filter>Source Files</Filter>
    </ClCompile>
    <ClCompile Include="..\src\bsp\CViewParameters.cpp">
      <Filter>Source Files</Filter>
    </ClCompile>
    <ClCompile Include="..\src\bsp\CBSPPart.cpp">
      <Filter>Source Files</Filter>
    </ClCompile>
    <ClCompile Include="..\src\base\CDirectObject.cpp">
      <Filter>Source Files</Filter>
    </ClCompile>
    <ClCompile Include="..\src\base\CTagBase.cpp">
      <Filter>Source Files</Filter>
    </ClCompile>
    <ClCompile Include="..\src\audio\CBasicSound.cpp">
      <Filter>Source Files</Filter>
    </ClCompile>
    <ClCompile Include="..\src\audio\CRateSound.cpp">
      <Filter>Source Files</Filter>
    </ClCompile>
    <ClCompile Include="..\src\audio\CSoundHub.cpp">
      <Filter>Source Files</Filter>
    </ClCompile>
    <ClCompile Include="..\src\audio\CSoundMixer.cpp">
      <Filter>Source Files</Filter>
    </ClCompile>
    <ClCompile Include="..\src\audio\DopplerPlug.cpp">
      <Filter>Source Files</Filter>
    </ClCompile>
    <ClCompile Include="..\src\audio\OggFile.cpp">
      <Filter>Source Files</Filter>
    </ClCompile>
    <ClCompile Include="..\src\assets\LocalAssetRepository.cpp">
      <Filter>Source Files</Filter>
    </ClCompile>
    <ClCompile Include="..\src\assets\PackageManifest.cpp">
      <Filter>Source Files</Filter>
    </ClCompile>
    <ClCompile Include="..\src\assets\AssetManager.cpp">
      <Filter>Source Files</Filter>
    </ClCompile>
    <ClCompile Include="..\src\assets\BaseAssetStorage.cpp">
      <Filter>Source Files</Filter>
    </ClCompile>
    <ClCompile Include="..\vendor\csscolorparser.cpp">
      <Filter>Source Files</Filter>
    </ClCompile>
    <ClCompile Include="..\vendor\stb_vorbis.c">
      <Filter>Source Files</Filter>
    </ClCompile>
    <ClCompile Include="..\vendor\nanovg\nanovg.c">
      <Filter>Source Files</Filter>
    </ClCompile>
    <ClCompile Include="..\src\util\huffman\CAbstractPipe.cpp">
      <Filter>Source Files</Filter>
    </ClCompile>
    <ClCompile Include="..\src\util\huffman\CHuffProcessor.cpp">
      <Filter>Source Files</Filter>
    </ClCompile>
    <ClCompile Include="..\src\util\huffman\CAbstractHuffPipe.cpp">
      <Filter>Source Files</Filter>
    </ClCompile>
    <ClCompile Include="..\src\gui\ColorManager.cpp">
      <Filter>Source Files</Filter>
    </ClCompile>
    <ClCompile Include="..\src\gui\CPlayerWindow.cpp">
      <Filter>Source Files</Filter>
    </ClCompile>
    <ClCompile Include="..\src\gui\CRosterWindow.cpp">
      <Filter>Source Files</Filter>
    </ClCompile>
    <ClCompile Include="..\src\gui\CServerWindow.cpp">
      <Filter>Source Files</Filter>
    </ClCompile>
    <ClCompile Include="..\src\gui\CTrackerWindow.cpp">
      <Filter>Source Files</Filter>
    </ClCompile>
    <ClCompile Include="..\src\gui\CWindow.cpp">
      <Filter>Source Files</Filter>
    </ClCompile>
    <ClCompile Include="..\src\gui\Tags.cpp">
      <Filter>Source Files</Filter>
    </ClCompile>
    <ClCompile Include="..\src\gui\CApplication.cpp">
      <Filter>Source Files</Filter>
    </ClCompile>
    <ClCompile Include="..\src\gui\CLevelWindow.cpp">
      <Filter>Source Files</Filter>
    </ClCompile>
    <ClCompile Include="..\src\gui\CNetworkWindow.cpp">
      <Filter>Source Files</Filter>
    </ClCompile>
    <ClCompile Include="..\vendor\nanogui\button.cpp">
      <Filter>Source Files</Filter>
    </ClCompile>
    <ClCompile Include="..\vendor\nanogui\checkbox.cpp">
      <Filter>Source Files</Filter>
    </ClCompile>
    <ClCompile Include="..\vendor\nanogui\colorcombobox.cpp">
      <Filter>Source Files</Filter>
    </ClCompile>
    <ClCompile Include="..\vendor\nanogui\combobox.cpp">
      <Filter>Source Files</Filter>
    </ClCompile>
    <ClCompile Include="..\vendor\nanogui\common.cpp">
      <Filter>Source Files</Filter>
    </ClCompile>
    <ClCompile Include="..\vendor\nanogui\desccombobox.cpp">
      <Filter>Source Files</Filter>
    </ClCompile>
    <ClCompile Include="..\vendor\nanogui\glcanvas.cpp">
      <Filter>Source Files</Filter>
    </ClCompile>
    <ClCompile Include="..\vendor\nanogui\glutil.cpp">
      <Filter>Source Files</Filter>
    </ClCompile>
    <ClCompile Include="..\vendor\nanogui\label.cpp">
      <Filter>Source Files</Filter>
    </ClCompile>
    <ClCompile Include="..\vendor\nanogui\layout.cpp">
      <Filter>Source Files</Filter>
    </ClCompile>
    <ClCompile Include="..\vendor\nanogui\messagedialog.cpp">
      <Filter>Source Files</Filter>
    </ClCompile>
    <ClCompile Include="..\vendor\nanogui\nanogui_resources.cpp">
      <Filter>Source Files</Filter>
    </ClCompile>
    <ClCompile Include="..\vendor\nanogui\popup.cpp">
      <Filter>Source Files</Filter>
    </ClCompile>
    <ClCompile Include="..\vendor\nanogui\popupbutton.cpp">
      <Filter>Source Files</Filter>
    </ClCompile>
    <ClCompile Include="..\vendor\nanogui\progressbar.cpp">
      <Filter>Source Files</Filter>
    </ClCompile>
    <ClCompile Include="..\vendor\nanogui\screen.cpp">
      <Filter>Source Files</Filter>
    </ClCompile>
    <ClCompile Include="..\vendor\nanogui\slider.cpp">
      <Filter>Source Files</Filter>
    </ClCompile>
    <ClCompile Include="..\vendor\nanogui\stackedwidget.cpp">
      <Filter>Source Files</Filter>
    </ClCompile>
    <ClCompile Include="..\vendor\nanogui\tabheader.cpp">
      <Filter>Source Files</Filter>
    </ClCompile>
    <ClCompile Include="..\vendor\nanogui\tabwidget.cpp">
      <Filter>Source Files</Filter>
    </ClCompile>
    <ClCompile Include="..\vendor\nanogui\text.cpp">
      <Filter>Source Files</Filter>
    </ClCompile>
    <ClCompile Include="..\vendor\nanogui\textbox.cpp">
      <Filter>Source Files</Filter>
    </ClCompile>
    <ClCompile Include="..\vendor\nanogui\theme.cpp">
      <Filter>Source Files</Filter>
    </ClCompile>
    <ClCompile Include="..\vendor\nanogui\vscrollpanel.cpp">
      <Filter>Source Files</Filter>
    </ClCompile>
    <ClCompile Include="..\vendor\nanogui\widget.cpp">
      <Filter>Source Files</Filter>
    </ClCompile>
    <ClCompile Include="..\vendor\nanogui\window.cpp">
      <Filter>Source Files</Filter>
    </ClCompile>
    <ClCompile Include="..\vendor\pugixml\pugixml.cpp">
      <Filter>Source Files</Filter>
    </ClCompile>
    <ClCompile Include="..\src\render\LegacyOpenGLRenderer.cpp">
      <Filter>Source Files</Filter>
    </ClCompile>
    <ClCompile Include="..\src\bsp\CCompoundShape.cpp">
      <Filter>Source Files</Filter>
    </ClCompile>
    <ClCompile Include="..\src\game\LevelInfo.cpp">
      <Filter>Source Files</Filter>
    </ClCompile>
    <ClCompile Include="..\src\game\CRUDsqlite.cpp">
      <Filter>Source Files</Filter>
    </ClCompile>
  </ItemGroup>
</Project>